// !$*UTF8*$!
{
	archiveVersion = 1;
	classes = {
	};
	objectVersion = 46;
	objects = {

/* Begin PBXBuildFile section */
		DC6BB6361D67A03A002742E2 /* AppDelegate.swift in Sources */ = {isa = PBXBuildFile; fileRef = DC6BB6351D67A03A002742E2 /* AppDelegate.swift */; };
		DC6BB6381D67A03A002742E2 /* ViewController.swift in Sources */ = {isa = PBXBuildFile; fileRef = DC6BB6371D67A03A002742E2 /* ViewController.swift */; };
		DC6BB63B1D67A03A002742E2 /* Main.storyboard in Resources */ = {isa = PBXBuildFile; fileRef = DC6BB6391D67A03A002742E2 /* Main.storyboard */; };
		DC6BB63D1D67A03A002742E2 /* Assets.xcassets in Resources */ = {isa = PBXBuildFile; fileRef = DC6BB63C1D67A03A002742E2 /* Assets.xcassets */; };
		DC6BB6401D67A03A002742E2 /* LaunchScreen.storyboard in Resources */ = {isa = PBXBuildFile; fileRef = DC6BB63E1D67A03A002742E2 /* LaunchScreen.storyboard */; };
		DC6BB64B1D67A03A002742E2 /* ecowashTests.swift in Sources */ = {isa = PBXBuildFile; fileRef = DC6BB64A1D67A03A002742E2 /* ecowashTests.swift */; };
		DC6BB6561D67A03A002742E2 /* ecowashUITests.swift in Sources */ = {isa = PBXBuildFile; fileRef = DC6BB6551D67A03A002742E2 /* ecowashUITests.swift */; };
		DCDC70771D6A4EE1000ADA08 /* upload.png in Resources */ = {isa = PBXBuildFile; fileRef = DCDC70761D6A4EE1000ADA08 /* upload.png */; };
/* End PBXBuildFile section */

/* Begin PBXContainerItemProxy section */
		DC6BB6471D67A03A002742E2 /* PBXContainerItemProxy */ = {
			isa = PBXContainerItemProxy;
			containerPortal = DC6BB62A1D67A03A002742E2 /* Project object */;
			proxyType = 1;
			remoteGlobalIDString = DC6BB6311D67A03A002742E2;
			remoteInfo = ecowash4;
		};
		DC6BB6521D67A03A002742E2 /* PBXContainerItemProxy */ = {
			isa = PBXContainerItemProxy;
			containerPortal = DC6BB62A1D67A03A002742E2 /* Project object */;
			proxyType = 1;
			remoteGlobalIDString = DC6BB6311D67A03A002742E2;
			remoteInfo = ecowash4;
		};
/* End PBXContainerItemProxy section */

/* Begin PBXFileReference section */
		DC6BB6321D67A03A002742E2 /* ecowash.app */ = {isa = PBXFileReference; explicitFileType = wrapper.application; includeInIndex = 0; path = ecowash.app; sourceTree = BUILT_PRODUCTS_DIR; };
		DC6BB6351D67A03A002742E2 /* AppDelegate.swift */ = {isa = PBXFileReference; lastKnownFileType = sourcecode.swift; path = AppDelegate.swift; sourceTree = "<group>"; };
		DC6BB6371D67A03A002742E2 /* ViewController.swift */ = {isa = PBXFileReference; lastKnownFileType = sourcecode.swift; path = ViewController.swift; sourceTree = "<group>"; };
		DC6BB63A1D67A03A002742E2 /* Base */ = {isa = PBXFileReference; lastKnownFileType = file.storyboard; name = Base; path = Base.lproj/Main.storyboard; sourceTree = "<group>"; };
		DC6BB63C1D67A03A002742E2 /* Assets.xcassets */ = {isa = PBXFileReference; lastKnownFileType = folder.assetcatalog; path = Assets.xcassets; sourceTree = "<group>"; };
		DC6BB63F1D67A03A002742E2 /* Base */ = {isa = PBXFileReference; lastKnownFileType = file.storyboard; name = Base; path = Base.lproj/LaunchScreen.storyboard; sourceTree = "<group>"; };
		DC6BB6411D67A03A002742E2 /* Info.plist */ = {isa = PBXFileReference; lastKnownFileType = text.plist.xml; path = Info.plist; sourceTree = "<group>"; };
		DC6BB6461D67A03A002742E2 /* ecowash.xctest */ = {isa = PBXFileReference; explicitFileType = wrapper.cfbundle; includeInIndex = 0; path = ecowash.xctest; sourceTree = BUILT_PRODUCTS_DIR; };
		DC6BB64A1D67A03A002742E2 /* ecowashTests.swift */ = {isa = PBXFileReference; lastKnownFileType = sourcecode.swift; path = ecowashTests.swift; sourceTree = "<group>"; };
		DC6BB64C1D67A03A002742E2 /* Info.plist */ = {isa = PBXFileReference; lastKnownFileType = text.plist.xml; path = Info.plist; sourceTree = "<group>"; };
		DC6BB6511D67A03A002742E2 /* ecowash.xctest */ = {isa = PBXFileReference; explicitFileType = wrapper.cfbundle; includeInIndex = 0; path = ecowash.xctest; sourceTree = BUILT_PRODUCTS_DIR; };
		DC6BB6551D67A03A002742E2 /* ecowashUITests.swift */ = {isa = PBXFileReference; lastKnownFileType = sourcecode.swift; path = ecowashUITests.swift; sourceTree = "<group>"; };
		DC6BB6571D67A03A002742E2 /* Info.plist */ = {isa = PBXFileReference; lastKnownFileType = text.plist.xml; path = Info.plist; sourceTree = "<group>"; };
		DCDC70761D6A4EE1000ADA08 /* upload.png */ = {isa = PBXFileReference; lastKnownFileType = image.png; path = upload.png; sourceTree = "<group>"; };
/* End PBXFileReference section */

/* Begin PBXFrameworksBuildPhase section */
		DC6BB62F1D67A03A002742E2 /* Frameworks */ = {
			isa = PBXFrameworksBuildPhase;
			buildActionMask = 2147483647;
			files = (
			);
			runOnlyForDeploymentPostprocessing = 0;
		};
		DC6BB6431D67A03A002742E2 /* Frameworks */ = {
			isa = PBXFrameworksBuildPhase;
			buildActionMask = 2147483647;
			files = (
			);
			runOnlyForDeploymentPostprocessing = 0;
		};
		DC6BB64E1D67A03A002742E2 /* Frameworks */ = {
			isa = PBXFrameworksBuildPhase;
			buildActionMask = 2147483647;
			files = (
			);
			runOnlyForDeploymentPostprocessing = 0;
		};
/* End PBXFrameworksBuildPhase section */

/* Begin PBXGroup section */
		DC6BB6291D67A03A002742E2 = {
			isa = PBXGroup;
			children = (
				DC6BB6341D67A03A002742E2 /* ecowash */,
				DC6BB6491D67A03A002742E2 /* ecowashTests */,
				DC6BB6541D67A03A002742E2 /* ecowashUITests */,
				DC6BB6331D67A03A002742E2 /* Products */,
			);
			sourceTree = "<group>";
		};
		DC6BB6331D67A03A002742E2 /* Products */ = {
			isa = PBXGroup;
			children = (
				DC6BB6321D67A03A002742E2 /* ecowash.app */,
				DC6BB6461D67A03A002742E2 /* ecowash.xctest */,
				DC6BB6511D67A03A002742E2 /* ecowash.xctest */,
			);
			name = Products;
			sourceTree = "<group>";
		};
		DC6BB6341D67A03A002742E2 /* ecowash */ = {
			isa = PBXGroup;
			children = (
				DCDC70761D6A4EE1000ADA08 /* upload.png */,
				DC6BB6351D67A03A002742E2 /* AppDelegate.swift */,
				DC6BB6371D67A03A002742E2 /* ViewController.swift */,
				DC6BB6391D67A03A002742E2 /* Main.storyboard */,
				DC6BB63C1D67A03A002742E2 /* Assets.xcassets */,
				DC6BB63E1D67A03A002742E2 /* LaunchScreen.storyboard */,
				DC6BB6411D67A03A002742E2 /* Info.plist */,
			);
			path = ecowash;
			sourceTree = "<group>";
		};
		DC6BB6491D67A03A002742E2 /* ecowashTests */ = {
			isa = PBXGroup;
			children = (
				DC6BB64A1D67A03A002742E2 /* ecowashTests.swift */,
				DC6BB64C1D67A03A002742E2 /* Info.plist */,
			);
			path = ecowashTests;
			sourceTree = "<group>";
		};
		DC6BB6541D67A03A002742E2 /* ecowashUITests */ = {
			isa = PBXGroup;
			children = (
				DC6BB6551D67A03A002742E2 /* ecowashUITests.swift */,
				DC6BB6571D67A03A002742E2 /* Info.plist */,
			);
			path = ecowashUITests;
			sourceTree = "<group>";
		};
/* End PBXGroup section */

/* Begin PBXNativeTarget section */
		DC6BB6311D67A03A002742E2 /* ecowash */ = {
			isa = PBXNativeTarget;
			buildConfigurationList = DC6BB65A1D67A03A002742E2 /* Build configuration list for PBXNativeTarget "ecowash" */;
			buildPhases = (
				DC6BB62E1D67A03A002742E2 /* Sources */,
				DC6BB62F1D67A03A002742E2 /* Frameworks */,
				DC6BB6301D67A03A002742E2 /* Resources */,
			);
			buildRules = (
			);
			dependencies = (
			);
			name = ecowash;
			productName = ecowash4;
			productReference = DC6BB6321D67A03A002742E2 /* ecowash.app */;
			productType = "com.apple.product-type.application";
		};
		DC6BB6451D67A03A002742E2 /* ecowashTests */ = {
			isa = PBXNativeTarget;
			buildConfigurationList = DC6BB65D1D67A03A002742E2 /* Build configuration list for PBXNativeTarget "ecowashTests" */;
			buildPhases = (
				DC6BB6421D67A03A002742E2 /* Sources */,
				DC6BB6431D67A03A002742E2 /* Frameworks */,
				DC6BB6441D67A03A002742E2 /* Resources */,
			);
			buildRules = (
			);
			dependencies = (
				DC6BB6481D67A03A002742E2 /* PBXTargetDependency */,
			);
			name = ecowashTests;
			productName = ecowash4Tests;
			productReference = DC6BB6461D67A03A002742E2 /* ecowash.xctest */;
			productType = "com.apple.product-type.bundle.unit-test";
		};
		DC6BB6501D67A03A002742E2 /* ecowashUITests */ = {
			isa = PBXNativeTarget;
			buildConfigurationList = DC6BB6601D67A03A002742E2 /* Build configuration list for PBXNativeTarget "ecowashUITests" */;
			buildPhases = (
				DC6BB64D1D67A03A002742E2 /* Sources */,
				DC6BB64E1D67A03A002742E2 /* Frameworks */,
				DC6BB64F1D67A03A002742E2 /* Resources */,
			);
			buildRules = (
			);
			dependencies = (
				DC6BB6531D67A03A002742E2 /* PBXTargetDependency */,
			);
			name = ecowashUITests;
			productName = ecowash4UITests;
			productReference = DC6BB6511D67A03A002742E2 /* ecowash.xctest */;
			productType = "com.apple.product-type.bundle.ui-testing";
		};
/* End PBXNativeTarget section */

/* Begin PBXProject section */
		DC6BB62A1D67A03A002742E2 /* Project object */ = {
			isa = PBXProject;
			attributes = {
				LastSwiftUpdateCheck = 0730;
				LastUpgradeCheck = 0800;
				ORGANIZATIONNAME = "chinelo mail";
				TargetAttributes = {
					DC6BB6311D67A03A002742E2 = {
						CreatedOnToolsVersion = 7.3.1;
						DevelopmentTeam = XFF7A9Z3UB;
						LastSwiftMigration = 0800;
					};
					DC6BB6451D67A03A002742E2 = {
						CreatedOnToolsVersion = 7.3.1;
						LastSwiftMigration = 0800;
						TestTargetID = DC6BB6311D67A03A002742E2;
					};
					DC6BB6501D67A03A002742E2 = {
						CreatedOnToolsVersion = 7.3.1;
						LastSwiftMigration = 0800;
						TestTargetID = DC6BB6311D67A03A002742E2;
					};
				};
			};
			buildConfigurationList = DC6BB62D1D67A03A002742E2 /* Build configuration list for PBXProject "ecowash" */;
			compatibilityVersion = "Xcode 3.2";
			developmentRegion = English;
			hasScannedForEncodings = 0;
			knownRegions = (
				en,
				Base,
			);
			mainGroup = DC6BB6291D67A03A002742E2;
			productRefGroup = DC6BB6331D67A03A002742E2 /* Products */;
			projectDirPath = "";
			projectRoot = "";
			targets = (
				DC6BB6311D67A03A002742E2 /* ecowash */,
				DC6BB6451D67A03A002742E2 /* ecowashTests */,
				DC6BB6501D67A03A002742E2 /* ecowashUITests */,
			);
		};
/* End PBXProject section */

/* Begin PBXResourcesBuildPhase section */
		DC6BB6301D67A03A002742E2 /* Resources */ = {
			isa = PBXResourcesBuildPhase;
			buildActionMask = 2147483647;
			files = (
				DC6BB6401D67A03A002742E2 /* LaunchScreen.storyboard in Resources */,
				DC6BB63D1D67A03A002742E2 /* Assets.xcassets in Resources */,
				DCDC70771D6A4EE1000ADA08 /* upload.png in Resources */,
				DC6BB63B1D67A03A002742E2 /* Main.storyboard in Resources */,
			);
			runOnlyForDeploymentPostprocessing = 0;
		};
		DC6BB6441D67A03A002742E2 /* Resources */ = {
			isa = PBXResourcesBuildPhase;
			buildActionMask = 2147483647;
			files = (
			);
			runOnlyForDeploymentPostprocessing = 0;
		};
		DC6BB64F1D67A03A002742E2 /* Resources */ = {
			isa = PBXResourcesBuildPhase;
			buildActionMask = 2147483647;
			files = (
			);
			runOnlyForDeploymentPostprocessing = 0;
		};
/* End PBXResourcesBuildPhase section */

/* Begin PBXSourcesBuildPhase section */
		DC6BB62E1D67A03A002742E2 /* Sources */ = {
			isa = PBXSourcesBuildPhase;
			buildActionMask = 2147483647;
			files = (
				DC6BB6381D67A03A002742E2 /* ViewController.swift in Sources */,
				DC6BB6361D67A03A002742E2 /* AppDelegate.swift in Sources */,
			);
			runOnlyForDeploymentPostprocessing = 0;
		};
		DC6BB6421D67A03A002742E2 /* Sources */ = {
			isa = PBXSourcesBuildPhase;
			buildActionMask = 2147483647;
			files = (
				DC6BB64B1D67A03A002742E2 /* ecowashTests.swift in Sources */,
			);
			runOnlyForDeploymentPostprocessing = 0;
		};
		DC6BB64D1D67A03A002742E2 /* Sources */ = {
			isa = PBXSourcesBuildPhase;
			buildActionMask = 2147483647;
			files = (
				DC6BB6561D67A03A002742E2 /* ecowashUITests.swift in Sources */,
			);
			runOnlyForDeploymentPostprocessing = 0;
		};
/* End PBXSourcesBuildPhase section */

/* Begin PBXTargetDependency section */
		DC6BB6481D67A03A002742E2 /* PBXTargetDependency */ = {
			isa = PBXTargetDependency;
			target = DC6BB6311D67A03A002742E2 /* ecowash */;
			targetProxy = DC6BB6471D67A03A002742E2 /* PBXContainerItemProxy */;
		};
		DC6BB6531D67A03A002742E2 /* PBXTargetDependency */ = {
			isa = PBXTargetDependency;
			target = DC6BB6311D67A03A002742E2 /* ecowash */;
			targetProxy = DC6BB6521D67A03A002742E2 /* PBXContainerItemProxy */;
		};
/* End PBXTargetDependency section */

/* Begin PBXVariantGroup section */
		DC6BB6391D67A03A002742E2 /* Main.storyboard */ = {
			isa = PBXVariantGroup;
			children = (
				DC6BB63A1D67A03A002742E2 /* Base */,
			);
			name = Main.storyboard;
			sourceTree = "<group>";
		};
		DC6BB63E1D67A03A002742E2 /* LaunchScreen.storyboard */ = {
			isa = PBXVariantGroup;
			children = (
				DC6BB63F1D67A03A002742E2 /* Base */,
			);
			name = LaunchScreen.storyboard;
			sourceTree = "<group>";
		};
/* End PBXVariantGroup section */

/* Begin XCBuildConfiguration section */
		CD9E49C61D7E1564000DF135 /* Distribution */ = {
			isa = XCBuildConfiguration;
			buildSettings = {
				ALWAYS_SEARCH_USER_PATHS = NO;
				CLANG_ANALYZER_NONNULL = YES;
				CLANG_CXX_LANGUAGE_STANDARD = "gnu++0x";
				CLANG_CXX_LIBRARY = "libc++";
				CLANG_ENABLE_MODULES = YES;
				CLANG_ENABLE_OBJC_ARC = YES;
				CLANG_WARN_BOOL_CONVERSION = YES;
				CLANG_WARN_CONSTANT_CONVERSION = YES;
				CLANG_WARN_DIRECT_OBJC_ISA_USAGE = YES_ERROR;
				CLANG_WARN_EMPTY_BODY = YES;
				CLANG_WARN_ENUM_CONVERSION = YES;
				CLANG_WARN_INFINITE_RECURSION = YES;
				CLANG_WARN_INT_CONVERSION = YES;
				CLANG_WARN_OBJC_ROOT_CLASS = YES_ERROR;
				CLANG_WARN_SUSPICIOUS_MOVE = YES;
				CLANG_WARN_UNREACHABLE_CODE = YES;
				CLANG_WARN__DUPLICATE_METHOD_MATCH = YES;
				CODE_SIGN_IDENTITY = "iPhone Distribution: APOLLOS EZE (XFF7A9Z3UB)";
				"CODE_SIGN_IDENTITY[sdk=iphoneos*]" = "iPhone Distribution: APOLLOS EZE (XFF7A9Z3UB)";
				COPY_PHASE_STRIP = NO;
				DEBUG_INFORMATION_FORMAT = "dwarf-with-dsym";
				ENABLE_NS_ASSERTIONS = NO;
				ENABLE_STRICT_OBJC_MSGSEND = YES;
				GCC_C_LANGUAGE_STANDARD = gnu99;
				GCC_NO_COMMON_BLOCKS = YES;
				GCC_WARN_64_TO_32_BIT_CONVERSION = YES;
				GCC_WARN_ABOUT_RETURN_TYPE = YES_ERROR;
				GCC_WARN_UNDECLARED_SELECTOR = YES;
				GCC_WARN_UNINITIALIZED_AUTOS = YES_AGGRESSIVE;
				GCC_WARN_UNUSED_FUNCTION = YES;
				GCC_WARN_UNUSED_VARIABLE = YES;
				IPHONEOS_DEPLOYMENT_TARGET = 9.3;
				MTL_ENABLE_DEBUG_INFO = NO;
				PROVISIONING_PROFILE = "d26bd44a-b363-4121-94a9-9af6364d45ad";
				SDKROOT = iphoneos;
				TARGETED_DEVICE_FAMILY = "1,2";
				VALIDATE_PRODUCT = YES;
			};
			name = Distribution;
		};
		CD9E49C71D7E1564000DF135 /* Distribution */ = {
			isa = XCBuildConfiguration;
			buildSettings = {
				ASSETCATALOG_COMPILER_APPICON_NAME = AppIcon;
				CODE_SIGN_IDENTITY = "iPhone Developer";
				"CODE_SIGN_IDENTITY[sdk=iphoneos*]" = "iPhone Developer";
				INFOPLIST_FILE = ecowash/Info.plist;
				LD_RUNPATH_SEARCH_PATHS = "$(inherited) @executable_path/Frameworks";
				PRODUCT_BUNDLE_IDENTIFIER = com.theecowash.ecowashTX;
				PRODUCT_NAME = ecowash;
				PROVISIONING_PROFILE = "";
				SWIFT_VERSION = 3.0;
			};
			name = Distribution;
		};
		CD9E49C81D7E1564000DF135 /* Distribution */ = {
			isa = XCBuildConfiguration;
			buildSettings = {
				BUNDLE_LOADER = "$(TEST_HOST)";
				INFOPLIST_FILE = ecowash4Tests/Info.plist;
				LD_RUNPATH_SEARCH_PATHS = "$(inherited) @executable_path/Frameworks @loader_path/Frameworks";
				PRODUCT_BUNDLE_IDENTIFIER = com.theecowash.ecowash4Tests;
				PRODUCT_NAME = ecowash;
				SWIFT_VERSION = 3.0;
				TEST_HOST = "$(BUILT_PRODUCTS_DIR)/ecowash.app/ecowash";
			};
			name = Distribution;
		};
		CD9E49C91D7E1564000DF135 /* Distribution */ = {
			isa = XCBuildConfiguration;
			buildSettings = {
				INFOPLIST_FILE = ecowash4UITests/Info.plist;
				LD_RUNPATH_SEARCH_PATHS = "$(inherited) @executable_path/Frameworks @loader_path/Frameworks";
				PRODUCT_BUNDLE_IDENTIFIER = com.theecowash.ecowash4UITests;
				PRODUCT_NAME = ecowash;
				SWIFT_VERSION = 3.0;
				TEST_TARGET_NAME = ecowash4;
			};
			name = Distribution;
		};
		DC6BB6581D67A03A002742E2 /* Debug */ = {
			isa = XCBuildConfiguration;
			buildSettings = {
				ALWAYS_SEARCH_USER_PATHS = NO;
				CLANG_ANALYZER_NONNULL = YES;
				CLANG_CXX_LANGUAGE_STANDARD = "gnu++0x";
				CLANG_CXX_LIBRARY = "libc++";
				CLANG_ENABLE_MODULES = YES;
				CLANG_ENABLE_OBJC_ARC = YES;
				CLANG_WARN_BOOL_CONVERSION = YES;
				CLANG_WARN_CONSTANT_CONVERSION = YES;
				CLANG_WARN_DIRECT_OBJC_ISA_USAGE = YES_ERROR;
				CLANG_WARN_EMPTY_BODY = YES;
				CLANG_WARN_ENUM_CONVERSION = YES;
				CLANG_WARN_INFINITE_RECURSION = YES;
				CLANG_WARN_INT_CONVERSION = YES;
				CLANG_WARN_OBJC_ROOT_CLASS = YES_ERROR;
				CLANG_WARN_SUSPICIOUS_MOVE = YES;
				CLANG_WARN_UNREACHABLE_CODE = YES;
				CLANG_WARN__DUPLICATE_METHOD_MATCH = YES;
				CODE_SIGN_IDENTITY = "iPhone Distribution: APOLLOS EZE (XFF7A9Z3UB)";
				"CODE_SIGN_IDENTITY[sdk=iphoneos*]" = "iPhone Distribution: APOLLOS EZE (XFF7A9Z3UB)";
				COPY_PHASE_STRIP = NO;
				DEBUG_INFORMATION_FORMAT = dwarf;
				ENABLE_STRICT_OBJC_MSGSEND = YES;
				ENABLE_TESTABILITY = YES;
				GCC_C_LANGUAGE_STANDARD = gnu99;
				GCC_DYNAMIC_NO_PIC = NO;
				GCC_NO_COMMON_BLOCKS = YES;
				GCC_OPTIMIZATION_LEVEL = 0;
				GCC_PREPROCESSOR_DEFINITIONS = (
					"DEBUG=1",
					"$(inherited)",
				);
				GCC_WARN_64_TO_32_BIT_CONVERSION = YES;
				GCC_WARN_ABOUT_RETURN_TYPE = YES_ERROR;
				GCC_WARN_UNDECLARED_SELECTOR = YES;
				GCC_WARN_UNINITIALIZED_AUTOS = YES_AGGRESSIVE;
				GCC_WARN_UNUSED_FUNCTION = YES;
				GCC_WARN_UNUSED_VARIABLE = YES;
				IPHONEOS_DEPLOYMENT_TARGET = 9.3;
				MTL_ENABLE_DEBUG_INFO = YES;
				ONLY_ACTIVE_ARCH = YES;
				PROVISIONING_PROFILE = "d26bd44a-b363-4121-94a9-9af6364d45ad";
				SDKROOT = iphoneos;
				SWIFT_OPTIMIZATION_LEVEL = "-Onone";
				TARGETED_DEVICE_FAMILY = "1,2";
			};
			name = Debug;
		};
		DC6BB6591D67A03A002742E2 /* Release */ = {
			isa = XCBuildConfiguration;
			buildSettings = {
				ALWAYS_SEARCH_USER_PATHS = NO;
				CLANG_ANALYZER_NONNULL = YES;
				CLANG_CXX_LANGUAGE_STANDARD = "gnu++0x";
				CLANG_CXX_LIBRARY = "libc++";
				CLANG_ENABLE_MODULES = YES;
				CLANG_ENABLE_OBJC_ARC = YES;
				CLANG_WARN_BOOL_CONVERSION = YES;
				CLANG_WARN_CONSTANT_CONVERSION = YES;
				CLANG_WARN_DIRECT_OBJC_ISA_USAGE = YES_ERROR;
				CLANG_WARN_EMPTY_BODY = YES;
				CLANG_WARN_ENUM_CONVERSION = YES;
				CLANG_WARN_INFINITE_RECURSION = YES;
				CLANG_WARN_INT_CONVERSION = YES;
				CLANG_WARN_OBJC_ROOT_CLASS = YES_ERROR;
				CLANG_WARN_SUSPICIOUS_MOVE = YES;
				CLANG_WARN_UNREACHABLE_CODE = YES;
				CLANG_WARN__DUPLICATE_METHOD_MATCH = YES;
				CODE_SIGN_IDENTITY = "iPhone Distribution: APOLLOS EZE (XFF7A9Z3UB)";
				"CODE_SIGN_IDENTITY[sdk=iphoneos*]" = "iPhone Distribution: APOLLOS EZE (XFF7A9Z3UB)";
				COPY_PHASE_STRIP = NO;
				DEBUG_INFORMATION_FORMAT = "dwarf-with-dsym";
				ENABLE_NS_ASSERTIONS = NO;
				ENABLE_STRICT_OBJC_MSGSEND = YES;
				GCC_C_LANGUAGE_STANDARD = gnu99;
				GCC_NO_COMMON_BLOCKS = YES;
				GCC_WARN_64_TO_32_BIT_CONVERSION = YES;
				GCC_WARN_ABOUT_RETURN_TYPE = YES_ERROR;
				GCC_WARN_UNDECLARED_SELECTOR = YES;
				GCC_WARN_UNINITIALIZED_AUTOS = YES_AGGRESSIVE;
				GCC_WARN_UNUSED_FUNCTION = YES;
				GCC_WARN_UNUSED_VARIABLE = YES;
				IPHONEOS_DEPLOYMENT_TARGET = 9.3;
				MTL_ENABLE_DEBUG_INFO = NO;
				PROVISIONING_PROFILE = "d26bd44a-b363-4121-94a9-9af6364d45ad";
				SDKROOT = iphoneos;
				SWIFT_OPTIMIZATION_LEVEL = "-Owholemodule";
				TARGETED_DEVICE_FAMILY = "1,2";
				VALIDATE_PRODUCT = YES;
			};
			name = Release;
		};
		DC6BB65B1D67A03A002742E2 /* Debug */ = {
			isa = XCBuildConfiguration;
			buildSettings = {
				ASSETCATALOG_COMPILER_APPICON_NAME = AppIcon;
				CODE_SIGN_IDENTITY = "iPhone Developer";
				"CODE_SIGN_IDENTITY[sdk=iphoneos*]" = "iPhone Developer";
				INFOPLIST_FILE = ecowash/Info.plist;
				LD_RUNPATH_SEARCH_PATHS = "$(inherited) @executable_path/Frameworks";
				PRODUCT_BUNDLE_IDENTIFIER = com.theecowash.ecowashTX;
				PRODUCT_NAME = ecowash;
				PROVISIONING_PROFILE = "";
				SWIFT_VERSION = 3.0;
			};
			name = Debug;
		};
		DC6BB65C1D67A03A002742E2 /* Release */ = {
			isa = XCBuildConfiguration;
			buildSettings = {
				ASSETCATALOG_COMPILER_APPICON_NAME = AppIcon;
				CODE_SIGN_IDENTITY = "iPhone Developer";
				"CODE_SIGN_IDENTITY[sdk=iphoneos*]" = "iPhone Developer";
				INFOPLIST_FILE = ecowash/Info.plist;
				LD_RUNPATH_SEARCH_PATHS = "$(inherited) @executable_path/Frameworks";
				PRODUCT_BUNDLE_IDENTIFIER = com.theecowash.ecowashTX;
				PRODUCT_NAME = ecowash;
				PROVISIONING_PROFILE = "";
				SWIFT_VERSION = 3.0;
			};
			name = Release;
		};
		DC6BB65E1D67A03A002742E2 /* Debug */ = {
			isa = XCBuildConfiguration;
			buildSettings = {
				BUNDLE_LOADER = "$(TEST_HOST)";
				INFOPLIST_FILE = ecowash4Tests/Info.plist;
				LD_RUNPATH_SEARCH_PATHS = "$(inherited) @executable_path/Frameworks @loader_path/Frameworks";
				PRODUCT_BUNDLE_IDENTIFIER = com.theecowash.ecowash4Tests;
				PRODUCT_NAME = ecowash;
				SWIFT_VERSION = 3.0;
				TEST_HOST = "$(BUILT_PRODUCTS_DIR)/ecowash.app/ecowash";
			};
			name = Debug;
		};
		DC6BB65F1D67A03A002742E2 /* Release */ = {
			isa = XCBuildConfiguration;
			buildSettings = {
				BUNDLE_LOADER = "$(TEST_HOST)";
				INFOPLIST_FILE = ecowash4Tests/Info.plist;
				LD_RUNPATH_SEARCH_PATHS = "$(inherited) @executable_path/Frameworks @loader_path/Frameworks";
				PRODUCT_BUNDLE_IDENTIFIER = com.theecowash.ecowash4Tests;
				PRODUCT_NAME = ecowash;
				SWIFT_VERSION = 3.0;
				TEST_HOST = "$(BUILT_PRODUCTS_DIR)/ecowash.app/ecowash";
			};
			name = Release;
		};
		DC6BB6611D67A03A002742E2 /* Debug */ = {
			isa = XCBuildConfiguration;
			buildSettings = {
				INFOPLIST_FILE = ecowash4UITests/Info.plist;
				LD_RUNPATH_SEARCH_PATHS = "$(inherited) @executable_path/Frameworks @loader_path/Frameworks";
				PRODUCT_BUNDLE_IDENTIFIER = com.theecowash.ecowash4UITests;
				PRODUCT_NAME = ecowash;
				SWIFT_VERSION = 3.0;
				TEST_TARGET_NAME = ecowash4;
			};
			name = Debug;
		};
		DC6BB6621D67A03A002742E2 /* Release */ = {
			isa = XCBuildConfiguration;
			buildSettings = {
				INFOPLIST_FILE = ecowash4UITests/Info.plist;
				LD_RUNPATH_SEARCH_PATHS = "$(inherited) @executable_path/Frameworks @loader_path/Frameworks";
				PRODUCT_BUNDLE_IDENTIFIER = com.theecowash.ecowash4UITests;
				PRODUCT_NAME = ecowash;
				SWIFT_VERSION = 3.0;
				TEST_TARGET_NAME = ecowash4;
			};
			name = Release;
		};
/* End XCBuildConfiguration section */

/* Begin XCConfigurationList section */
		DC6BB62D1D67A03A002742E2 /* Build configuration list for PBXProject "ecowash" */ = {
			isa = XCConfigurationList;
			buildConfigurations = (
				DC6BB6581D67A03A002742E2 /* Debug */,
				DC6BB6591D67A03A002742E2 /* Release */,
				CD9E49C61D7E1564000DF135 /* Distribution */,
			);
			defaultConfigurationIsVisible = 0;
			defaultConfigurationName = Release;
		};
		DC6BB65A1D67A03A002742E2 /* Build configuration list for PBXNativeTarget "ecowash" */ = {
			isa = XCConfigurationList;
			buildConfigurations = (
				DC6BB65B1D67A03A002742E2 /* Debug */,
				DC6BB65C1D67A03A002742E2 /* Release */,
				CD9E49C71D7E1564000DF135 /* Distribution */,
			);
			defaultConfigurationIsVisible = 0;
			defaultConfigurationName = Release;
		};
		DC6BB65D1D67A03A002742E2 /* Build configuration list for PBXNativeTarget "ecowashTests" */ = {
			isa = XCConfigurationList;
			buildConfigurations = (
				DC6BB65E1D67A03A002742E2 /* Debug */,
				DC6BB65F1D67A03A002742E2 /* Release */,
				CD9E49C81D7E1564000DF135 /* Distribution */,
			);
			defaultConfigurationIsVisible = 0;
			defaultConfigurationName = Release;
		};
		DC6BB6601D67A03A002742E2 /* Build configuration list for PBXNativeTarget "ecowashUITests" */ = {
			isa = XCConfigurationList;
			buildConfigurations = (
				DC6BB6611D67A03A002742E2 /* Debug */,
				DC6BB6621D67A03A002742E2 /* Release */,
				CD9E49C91D7E1564000DF135 /* Distribution */,
			);
			defaultConfigurationIsVisible = 0;
			defaultConfigurationName = Release;
		};
/* End XCConfigurationList section */
	};
	rootObject = DC6BB62A1D67A03A002742E2 /* Project object */;
}
